
Microsoft Visual Studio Solution File, Format Version 12.00
Project("{FAE04EC0-301F-11D3-BF4B-00C04F79EFBC}") = "CSharpBasic", "CSharpBasic\CSharpBasic.csproj", "{EA5659DC-3450-4CDA-B16E-C72A89BCFE3E}"
EndProject
Global
	GlobalSection(SolutionConfigurationPlatforms) = preSolution
		Debug|Any CPU = Debug|Any CPU
		Release|Any CPU = Release|Any CPU
	EndGlobalSection
	GlobalSection(ProjectConfigurationPlatforms) = postSolution
		{EA5659DC-3450-4CDA-B16E-C72A89BCFE3E}.Debug|Any CPU.ActiveCfg = Debug|Any CPU
		{EA5659DC-3450-4CDA-B16E-C72A89BCFE3E}.Debug|Any CPU.Build.0 = Debug|Any CPU
		{EA5659DC-3450-4CDA-B16E-C72A89BCFE3E}.Release|Any CPU.ActiveCfg = Release|Any CPU
		{EA5659DC-3450-4CDA-B16E-C72A89BCFE3E}.Release|Any CPU.Build.0 = Release|Any CPU
	EndGlobalSection
EndGlobal
